
Microsoft Visual Studio Solution File, Format Version 12.00
# Visual Studio Version 17
VisualStudioVersion = 17.9.34723.18
MinimumVisualStudioVersion = 10.0.40219.1
Project("{9A19103F-16F7-4668-BE54-9A1E7A4F7556}") = "ProyectofinalDb1", "ProyectofinalDb1\ProyectofinalDb1.csproj", "{CFA99CF4-6886-414C-A230-866D9E4A31F3}"
EndProject
Project("{2150E333-8FDC-42A3-9474-1A3956D46DE8}") = "Elementos de la solución", "Elementos de la solución", "{A8C2085F-CDB4-42C2-81E6-709579F6770A}"
	ProjectSection(SolutionItems) = preProject
		docker-compose.yml = docker-compose.yml
	EndProjectSection
EndProject
Global
	GlobalSection(SolutionConfigurationPlatforms) = preSolution
		Debug|Any CPU = Debug|Any CPU
		Release|Any CPU = Release|Any CPU
	EndGlobalSection
	GlobalSection(ProjectConfigurationPlatforms) = postSolution
		{CFA99CF4-6886-414C-A230-866D9E4A31F3}.Debug|Any CPU.ActiveCfg = Debug|Any CPU
		{CFA99CF4-6886-414C-A230-866D9E4A31F3}.Debug|Any CPU.Build.0 = Debug|Any CPU
		{CFA99CF4-6886-414C-A230-866D9E4A31F3}.Release|Any CPU.ActiveCfg = Release|Any CPU
		{CFA99CF4-6886-414C-A230-866D9E4A31F3}.Release|Any CPU.Build.0 = Release|Any CPU
	EndGlobalSection
	GlobalSection(SolutionProperties) = preSolution
		HideSolutionNode = FALSE
	EndGlobalSection
	GlobalSection(ExtensibilityGlobals) = postSolution
		SolutionGuid = {3CBB0E41-62C9-48AE-82A8-3ADCF11A4593}
	EndGlobalSection
EndGlobal
